
Microsoft Visual Studio Solution File, Format Version 12.00
# Visual Studio Version 16
VisualStudioVersion = 16.0.31005.135
MinimumVisualStudioVersion = 10.0.40219.1
Project("{FAE04EC0-301F-11D3-BF4B-00C04F79EFBC}") = "1-HelloWord", "AprendendoCSharpy\1-HelloWord.csproj", "{2E417B00-F067-4050-B09F-2916DDD584FC}"
EndProject
Project("{FAE04EC0-301F-11D3-BF4B-00C04F79EFBC}") = "2-Variaveis", "2-CriandoVariaveis\2-Variaveis.csproj", "{687C6992-99AA-45F4-8712-77C6D16486F8}"
EndProject
Project("{FAE04EC0-301F-11D3-BF4B-00C04F79EFBC}") = "3-Condicionais", "condicionais\3-Condicionais.csproj", "{B7091BD5-60CC-42A6-89D8-2F5221FD21DF}"
EndProject
Global
	GlobalSection(SolutionConfigurationPlatforms) = preSolution
		Debug|Any CPU = Debug|Any CPU
		Release|Any CPU = Release|Any CPU
	EndGlobalSection
	GlobalSection(ProjectConfigurationPlatforms) = postSolution
		{2E417B00-F067-4050-B09F-2916DDD584FC}.Debug|Any CPU.ActiveCfg = Debug|Any CPU
		{2E417B00-F067-4050-B09F-2916DDD584FC}.Debug|Any CPU.Build.0 = Debug|Any CPU
		{2E417B00-F067-4050-B09F-2916DDD584FC}.Release|Any CPU.ActiveCfg = Release|Any CPU
		{2E417B00-F067-4050-B09F-2916DDD584FC}.Release|Any CPU.Build.0 = Release|Any CPU
		{687C6992-99AA-45F4-8712-77C6D16486F8}.Debug|Any CPU.ActiveCfg = Debug|Any CPU
		{687C6992-99AA-45F4-8712-77C6D16486F8}.Debug|Any CPU.Build.0 = Debug|Any CPU
		{687C6992-99AA-45F4-8712-77C6D16486F8}.Release|Any CPU.ActiveCfg = Release|Any CPU
		{687C6992-99AA-45F4-8712-77C6D16486F8}.Release|Any CPU.Build.0 = Release|Any CPU
		{B7091BD5-60CC-42A6-89D8-2F5221FD21DF}.Debug|Any CPU.ActiveCfg = Debug|Any CPU
		{B7091BD5-60CC-42A6-89D8-2F5221FD21DF}.Debug|Any CPU.Build.0 = Debug|Any CPU
		{B7091BD5-60CC-42A6-89D8-2F5221FD21DF}.Release|Any CPU.ActiveCfg = Release|Any CPU
		{B7091BD5-60CC-42A6-89D8-2F5221FD21DF}.Release|Any CPU.Build.0 = Release|Any CPU
	EndGlobalSection
	GlobalSection(SolutionProperties) = preSolution
		HideSolutionNode = FALSE
	EndGlobalSection
	GlobalSection(ExtensibilityGlobals) = postSolution
		SolutionGuid = {632C3100-27D7-4A85-8089-EA5C74FA3E78}
	EndGlobalSection
EndGlobal
